<?xml version="1.0" encoding="utf-8"?>
<Project ToolsVersion="4.0" xmlns="http://schemas.microsoft.com/developer/msbuild/2003">
  <ItemGroup>
    <Filter Include="Source Files">
      <UniqueIdentifier>{4FC737F1-C7A5-4376-A066-2A32D752A2FF}</UniqueIdentifier>
      <Extensions>cpp;c;cc;cxx;c++;cppm;ixx;def;odl;idl;hpj;bat;asm;asmx</Extensions>
    </Filter>
    <Filter Include="Header Files">
      <UniqueIdentifier>{93995380-89BD-4b04-88EB-625FBE52EBFB}</UniqueIdentifier>
      <Extensions>h;hh;hpp;hxx;h++;hm;inl;inc;ipp;xsd</Extensions>
    </Filter>
    <Filter Include="Resource Files">
      <UniqueIdentifier>{67DA6AB6-F800-4c08-8B7A-83BB121AAD01}</UniqueIdentifier>
      <Extensions>rc;ico;cur;bmp;dlg;rc2;rct;bin;rgs;gif;jpg;jpeg;jpe;resx;tiff;tif;png;wav;mfcribbon-ms</Extensions>
    </Filter>
    <Filter Include="assets">
      <UniqueIdentifier>{5edbe1fb-2611-47b8-afce-4fb5c50ccf4a}</UniqueIdentifier>
    </Filter>
    <Filter Include="Source Files\ECS">
      <UniqueIdentifier>{854cd444-6b71-4b78-adee-dc862a9d79ca}</UniqueIdentifier>
    </Filter>
    <Filter Include="Source Files\ECS\Components">
      <UniqueIdentifier>{76ae96f8-7fe8-4ac6-acf8-39522500ebff}</UniqueIdentifier>
    </Filter>
    <Filter Include="Source Files\ECS\Systems">
      <UniqueIdentifier>{404ed19d-d402-44c5-86db-7260b28a7e8b}</UniqueIdentifier>
    </Filter>
    <Filter Include="Source Files\Maths">
      <UniqueIdentifier>{96a494ad-ff55-415a-9ec5-edd0791e402e}</UniqueIdentifier>
    </Filter>
    <Filter Include="Source Files\rapidxml">
      <UniqueIdentifier>{eefd62b1-af10-451a-882f-33356b3fea42}</UniqueIdentifier>
    </Filter>
    <Filter Include="Source Files\Tiles">
      <UniqueIdentifier>{7a76689f-d342-4ca2-974c-5b5c879f13e1}</UniqueIdentifier>
    </Filter>
  </ItemGroup>
  <ItemGroup>
    <ClCompile Include="Game.cpp">
      <Filter>Source Files</Filter>
    </ClCompile>
    <ClCompile Include="Main.cpp">
      <Filter>Source Files</Filter>
    </ClCompile>
    <ClCompile Include="TextureManager.cpp">
      <Filter>Source Files</Filter>
    </ClCompile>
    <ClCompile Include="GameObject.cpp">
      <Filter>Source Files</Filter>
    </ClCompile>
    <ClCompile Include="Level.cpp">
      <Filter>Source Files</Filter>
    </ClCompile>
    <ClCompile Include="RenderSystem.cpp">
      <Filter>Source Files\ECS\Systems</Filter>
    </ClCompile>
    <ClCompile Include="PlayerControlSystem.cpp">
      <Filter>Source Files\ECS\Systems</Filter>
    </ClCompile>
    <ClCompile Include="PhysicsSystem.cpp">
      <Filter>Source Files\ECS\Systems</Filter>
    </ClCompile>
    <ClCompile Include="Maths.cpp">
      <Filter>Source Files\Maths</Filter>
    </ClCompile>
    <ClCompile Include="Vector2D.cpp">
      <Filter>Source Files\Maths</Filter>
    </ClCompile>
    <ClCompile Include="CollisionSystem.cpp">
      <Filter>Source Files\ECS\Systems</Filter>
    </ClCompile>
    <ClCompile Include="Game.h">
      <Filter>Header Files</Filter>
    </ClCompile>
    <ClCompile Include="TileMapParser.cpp">
      <Filter>Source Files\Tiles</Filter>
    </ClCompile>
    <ClCompile Include="Tile.cpp">
      <Filter>Source Files\Tiles</Filter>
    </ClCompile>
    <ClCompile Include="CameraSystem.cpp">
      <Filter>Source Files\ECS\Systems</Filter>
    </ClCompile>
  </ItemGroup>
  <ItemGroup>
    <Image Include="assets\player.png">
      <Filter>assets</Filter>
    </Image>
    <Image Include="..\..\..\..\..\Dropbox\My PC (DESKTOP-4QN0EGJ)\Downloads\walker1.png">
      <Filter>assets</Filter>
    </Image>
    <Image Include="assets\mechsheet.png">
      <Filter>assets</Filter>
    </Image>
    <Image Include="assets\iso-64x64-outside.png">
      <Filter>assets</Filter>
    </Image>
    <Image Include="assets\outside.png">
      <Filter>assets</Filter>
    </Image>
  </ItemGroup>
  <ItemGroup>
    <ClInclude Include="ComponentArray.h">
      <Filter>Source Files\ECS</Filter>
    </ClInclude>
    <ClInclude Include="ComponentManager.h">
      <Filter>Source Files\ECS</Filter>
    </ClInclude>
    <ClInclude Include="Coordinator.h">
      <Filter>Source Files\ECS</Filter>
    </ClInclude>
    <ClInclude Include="ECS.h">
      <Filter>Source Files\ECS</Filter>
    </ClInclude>
    <ClInclude Include="EntityManager.h">
      <Filter>Source Files\ECS</Filter>
    </ClInclude>
    <ClInclude Include="Transform.h">
      <Filter>Source Files\ECS\Components</Filter>
    </ClInclude>
    <ClInclude Include="Types.h">
      <Filter>Source Files\ECS</Filter>
    </ClInclude>
    <ClInclude Include="System.h">
      <Filter>Source Files\ECS</Filter>
    </ClInclude>
    <ClInclude Include="RenderSystem.h">
      <Filter>Source Files\ECS\Systems</Filter>
    </ClInclude>
    <ClInclude Include="PhysicsSystem.h">
      <Filter>Source Files\ECS\Systems</Filter>
    </ClInclude>
    <ClInclude Include="Player.h">
      <Filter>Source Files\ECS\Components</Filter>
    </ClInclude>
    <ClInclude Include="KeyboardInput.h">
      <Filter>Source Files\ECS\Components</Filter>
    </ClInclude>
    <ClInclude Include="PlayerControlSystem.h">
      <Filter>Source Files\ECS\Systems</Filter>
    </ClInclude>
    <ClInclude Include="Maths.h">
      <Filter>Source Files\Maths</Filter>
    </ClInclude>
    <ClInclude Include="Vector2D.h">
      <Filter>Source Files\Maths</Filter>
    </ClInclude>
    <ClInclude Include="Sprite.h">
      <Filter>Source Files\ECS\Components</Filter>
    </ClInclude>
    <ClInclude Include="Collision.h">
      <Filter>Source Files\ECS\Components</Filter>
    </ClInclude>
    <ClInclude Include="CollisionSystem.h">
      <Filter>Source Files\ECS\Systems</Filter>
    </ClInclude>
    <ClInclude Include="Camera.h">
      <Filter>Header Files</Filter>
    </ClInclude>
    <ClInclude Include="Tile.h">
      <Filter>Header Files</Filter>
    </ClInclude>
    <ClInclude Include="SystemManager.h">
      <Filter>Header Files</Filter>
    </ClInclude>
    <ClInclude Include="Level.h">
      <Filter>Header Files</Filter>
    </ClInclude>
    <ClInclude Include="TextureManager.h">
      <Filter>Header Files</Filter>
    </ClInclude>
    <ClInclude Include="GameObject.h">
      <Filter>Header Files</Filter>
    </ClInclude>
    <ClInclude Include="rapidxml.h">
      <Filter>Source Files\rapidxml</Filter>
    </ClInclude>
    <ClInclude Include="rapidxml_iterators.h">
      <Filter>Source Files\rapidxml</Filter>
    </ClInclude>
    <ClInclude Include="rapidxml_print.h">
      <Filter>Source Files\rapidxml</Filter>
    </ClInclude>
    <ClInclude Include="rapidxml_utils.h">
      <Filter>Source Files\rapidxml</Filter>
    </ClInclude>
    <ClInclude Include="TileMapParser.h">
      <Filter>Source Files\Tiles</Filter>
    </ClInclude>
    <ClInclude Include="Tiler.h">
      <Filter>Source Files\Tiles</Filter>
    </ClInclude>
    <ClInclude Include="tileson.hpp">
      <Filter>Source Files\Tiles</Filter>
    </ClInclude>
    <ClInclude Include="CameraSystem.h">
      <Filter>Source Files\ECS\Systems</Filter>
    </ClInclude>
  </ItemGroup>
  <ItemGroup>
    <None Include="assets\testmap.tmx">
      <Filter>assets</Filter>
    </None>
    <None Include="assets\testmap.json">
      <Filter>assets</Filter>
    </None>
  </ItemGroup>
</Project>